// !$*UTF8*$!
{
	archiveVersion = 1;
	classes = {
	};
	objectVersion = 56;
	objects = {

/* Begin PBXBuildFile section */
		335A6B5A29E80A3400ED5ADB /* attestation_clientApp.swift in Sources */ = {isa = PBXBuildFile; fileRef = 335A6B5929E80A3400ED5ADB /* attestation_clientApp.swift */; };
		335A6B5C29E80A3400ED5ADB /* ContentView.swift in Sources */ = {isa = PBXBuildFile; fileRef = 335A6B5B29E80A3400ED5ADB /* ContentView.swift */; };
		335A6B5E29E80A3600ED5ADB /* Assets.xcassets in Resources */ = {isa = PBXBuildFile; fileRef = 335A6B5D29E80A3600ED5ADB /* Assets.xcassets */; };
		335A6B6129E80A3600ED5ADB /* Preview Assets.xcassets in Resources */ = {isa = PBXBuildFile; fileRef = 335A6B6029E80A3600ED5ADB /* Preview Assets.xcassets */; };
		335A6B6829E8118500ED5ADB /* KeychainService.swift in Sources */ = {isa = PBXBuildFile; fileRef = 335A6B6729E8118500ED5ADB /* KeychainService.swift */; };
		335A6B6A29E81D5D00ED5ADB /* HttpClient.swift in Sources */ = {isa = PBXBuildFile; fileRef = 335A6B6929E81D5D00ED5ADB /* HttpClient.swift */; };
		335A6B7329E83DE700ED5ADB /* MailView.swift in Sources */ = {isa = PBXBuildFile; fileRef = 335A6B7229E83DE700ED5ADB /* MailView.swift */; };
		6FD8B58B9F0AF175D5B346A4 /* Extensions.swift in Sources */ = {isa = PBXBuildFile; fileRef = 6FD8BFA68ED50B0F70AD03FA /* Extensions.swift */; };
		6FD8B6AEE7E009A3FD16803F /* ApiService.swift in Sources */ = {isa = PBXBuildFile; fileRef = 6FD8B55368F730222C187BE7 /* ApiService.swift */; };
		6FD8B6BB09E013C37466B69A /* JwtService.swift in Sources */ = {isa = PBXBuildFile; fileRef = 6FD8BAF0959BEC3D60D98D0B /* JwtService.swift */; };
/* End PBXBuildFile section */

/* Begin PBXFileReference section */
		335A6B5629E80A3400ED5ADB /* attestation client.app */ = {isa = PBXFileReference; explicitFileType = wrapper.application; includeInIndex = 0; path = "attestation client.app"; sourceTree = BUILT_PRODUCTS_DIR; };
		335A6B5929E80A3400ED5ADB /* attestation_clientApp.swift */ = {isa = PBXFileReference; lastKnownFileType = sourcecode.swift; path = attestation_clientApp.swift; sourceTree = "<group>"; };
		335A6B5B29E80A3400ED5ADB /* ContentView.swift */ = {isa = PBXFileReference; lastKnownFileType = sourcecode.swift; path = ContentView.swift; sourceTree = "<group>"; };
		335A6B5D29E80A3600ED5ADB /* Assets.xcassets */ = {isa = PBXFileReference; lastKnownFileType = folder.assetcatalog; path = Assets.xcassets; sourceTree = "<group>"; };
		335A6B6029E80A3600ED5ADB /* Preview Assets.xcassets */ = {isa = PBXFileReference; lastKnownFileType = folder.assetcatalog; path = "Preview Assets.xcassets"; sourceTree = "<group>"; };
		335A6B6729E8118500ED5ADB /* KeychainService.swift */ = {isa = PBXFileReference; lastKnownFileType = sourcecode.swift; path = KeychainService.swift; sourceTree = "<group>"; };
		335A6B6929E81D5D00ED5ADB /* HttpClient.swift */ = {isa = PBXFileReference; lastKnownFileType = sourcecode.swift; path = HttpClient.swift; sourceTree = "<group>"; };
		335A6B6B29E8284500ED5ADB /* attestation client.entitlements */ = {isa = PBXFileReference; lastKnownFileType = text.plist.entitlements; path = "attestation client.entitlements"; sourceTree = "<group>"; };
		335A6B7229E83DE700ED5ADB /* MailView.swift */ = {isa = PBXFileReference; lastKnownFileType = sourcecode.swift; path = MailView.swift; sourceTree = "<group>"; };
		6FD8B55368F730222C187BE7 /* ApiService.swift */ = {isa = PBXFileReference; fileEncoding = 4; lastKnownFileType = sourcecode.swift; path = ApiService.swift; sourceTree = "<group>"; };
		6FD8BAF0959BEC3D60D98D0B /* JwtService.swift */ = {isa = PBXFileReference; fileEncoding = 4; lastKnownFileType = sourcecode.swift; path = JwtService.swift; sourceTree = "<group>"; };
		6FD8BFA68ED50B0F70AD03FA /* Extensions.swift */ = {isa = PBXFileReference; fileEncoding = 4; lastKnownFileType = sourcecode.swift; path = Extensions.swift; sourceTree = "<group>"; };
/* End PBXFileReference section */

/* Begin PBXFrameworksBuildPhase section */
		335A6B5329E80A3400ED5ADB /* Frameworks */ = {
			isa = PBXFrameworksBuildPhase;
			buildActionMask = 2147483647;
			files = (
			);
			runOnlyForDeploymentPostprocessing = 0;
		};
/* End PBXFrameworksBuildPhase section */

/* Begin PBXGroup section */
		335A6B4D29E80A3400ED5ADB = {
			isa = PBXGroup;
			children = (
				335A6B5829E80A3400ED5ADB /* attestation client */,
				335A6B5729E80A3400ED5ADB /* Products */,
			);
			sourceTree = "<group>";
		};
		335A6B5729E80A3400ED5ADB /* Products */ = {
			isa = PBXGroup;
			children = (
				335A6B5629E80A3400ED5ADB /* attestation client.app */,
			);
			name = Products;
			sourceTree = "<group>";
		};
		335A6B5829E80A3400ED5ADB /* attestation client */ = {
			isa = PBXGroup;
			children = (
				335A6B6B29E8284500ED5ADB /* attestation client.entitlements */,
				335A6B5929E80A3400ED5ADB /* attestation_clientApp.swift */,
				335A6B7229E83DE700ED5ADB /* MailView.swift */,
				335A6B6929E81D5D00ED5ADB /* HttpClient.swift */,
				335A6B5B29E80A3400ED5ADB /* ContentView.swift */,
				335A6B6729E8118500ED5ADB /* KeychainService.swift */,
				335A6B5D29E80A3600ED5ADB /* Assets.xcassets */,
				335A6B5F29E80A3600ED5ADB /* Preview Content */,
				6FD8B55368F730222C187BE7 /* ApiService.swift */,
				6FD8BFA68ED50B0F70AD03FA /* Extensions.swift */,
				6FD8BAF0959BEC3D60D98D0B /* JwtService.swift */,
			);
			path = "attestation client";
			sourceTree = "<group>";
		};
		335A6B5F29E80A3600ED5ADB /* Preview Content */ = {
			isa = PBXGroup;
			children = (
				335A6B6029E80A3600ED5ADB /* Preview Assets.xcassets */,
			);
			path = "Preview Content";
			sourceTree = "<group>";
		};
/* End PBXGroup section */

/* Begin PBXNativeTarget section */
		335A6B5529E80A3400ED5ADB /* attestation client */ = {
			isa = PBXNativeTarget;
			buildConfigurationList = 335A6B6429E80A3600ED5ADB /* Build configuration list for PBXNativeTarget "attestation client" */;
			buildPhases = (
				335A6B5229E80A3400ED5ADB /* Sources */,
				335A6B5329E80A3400ED5ADB /* Frameworks */,
				335A6B5429E80A3400ED5ADB /* Resources */,
			);
			buildRules = (
			);
			dependencies = (
			);
			name = "attestation client";
			packageProductDependencies = (
			);
			productName = "attestation client";
			productReference = 335A6B5629E80A3400ED5ADB /* attestation client.app */;
			productType = "com.apple.product-type.application";
		};
/* End PBXNativeTarget section */

/* Begin PBXProject section */
		335A6B4E29E80A3400ED5ADB /* Project object */ = {
			isa = PBXProject;
			attributes = {
				BuildIndependentTargetsInParallel = 1;
				LastSwiftUpdateCheck = 1420;
				LastUpgradeCheck = 1420;
				TargetAttributes = {
					335A6B5529E80A3400ED5ADB = {
						CreatedOnToolsVersion = 14.2;
					};
				};
			};
			buildConfigurationList = 335A6B5129E80A3400ED5ADB /* Build configuration list for PBXProject "attestation client" */;
			compatibilityVersion = "Xcode 14.0";
			developmentRegion = en;
			hasScannedForEncodings = 0;
			knownRegions = (
				en,
				Base,
			);
			mainGroup = 335A6B4D29E80A3400ED5ADB;
			packageReferences = (
			);
			productRefGroup = 335A6B5729E80A3400ED5ADB /* Products */;
			projectDirPath = "";
			projectRoot = "";
			targets = (
				335A6B5529E80A3400ED5ADB /* attestation client */,
			);
		};
/* End PBXProject section */

/* Begin PBXResourcesBuildPhase section */
		335A6B5429E80A3400ED5ADB /* Resources */ = {
			isa = PBXResourcesBuildPhase;
			buildActionMask = 2147483647;
			files = (
				335A6B6129E80A3600ED5ADB /* Preview Assets.xcassets in Resources */,
				335A6B5E29E80A3600ED5ADB /* Assets.xcassets in Resources */,
			);
			runOnlyForDeploymentPostprocessing = 0;
		};
/* End PBXResourcesBuildPhase section */

/* Begin PBXSourcesBuildPhase section */
		335A6B5229E80A3400ED5ADB /* Sources */ = {
			isa = PBXSourcesBuildPhase;
			buildActionMask = 2147483647;
			files = (
				335A6B5C29E80A3400ED5ADB /* ContentView.swift in Sources */,
				335A6B5A29E80A3400ED5ADB /* attestation_clientApp.swift in Sources */,
				335A6B6A29E81D5D00ED5ADB /* HttpClient.swift in Sources */,
				335A6B6829E8118500ED5ADB /* KeychainService.swift in Sources */,
				335A6B7329E83DE700ED5ADB /* MailView.swift in Sources */,
				6FD8B6AEE7E009A3FD16803F /* ApiService.swift in Sources */,
				6FD8B58B9F0AF175D5B346A4 /* Extensions.swift in Sources */,
				6FD8B6BB09E013C37466B69A /* JwtService.swift in Sources */,
			);
			runOnlyForDeploymentPostprocessing = 0;
		};
/* End PBXSourcesBuildPhase section */

/* Begin XCBuildConfiguration section */
		335A6B6229E80A3600ED5ADB /* Debug */ = {
			isa = XCBuildConfiguration;
			buildSettings = {
				ALWAYS_SEARCH_USER_PATHS = NO;
				CLANG_ANALYZER_NONNULL = YES;
				CLANG_ANALYZER_NUMBER_OBJECT_CONVERSION = YES_AGGRESSIVE;
				CLANG_CXX_LANGUAGE_STANDARD = "gnu++20";
				CLANG_ENABLE_MODULES = YES;
				CLANG_ENABLE_OBJC_ARC = YES;
				CLANG_ENABLE_OBJC_WEAK = YES;
				CLANG_WARN_BLOCK_CAPTURE_AUTORELEASING = YES;
				CLANG_WARN_BOOL_CONVERSION = YES;
				CLANG_WARN_COMMA = YES;
				CLANG_WARN_CONSTANT_CONVERSION = YES;
				CLANG_WARN_DEPRECATED_OBJC_IMPLEMENTATIONS = YES;
				CLANG_WARN_DIRECT_OBJC_ISA_USAGE = YES_ERROR;
				CLANG_WARN_DOCUMENTATION_COMMENTS = YES;
				CLANG_WARN_EMPTY_BODY = YES;
				CLANG_WARN_ENUM_CONVERSION = YES;
				CLANG_WARN_INFINITE_RECURSION = YES;
				CLANG_WARN_INT_CONVERSION = YES;
				CLANG_WARN_NON_LITERAL_NULL_CONVERSION = YES;
				CLANG_WARN_OBJC_IMPLICIT_RETAIN_SELF = YES;
				CLANG_WARN_OBJC_LITERAL_CONVERSION = YES;
				CLANG_WARN_OBJC_ROOT_CLASS = YES_ERROR;
				CLANG_WARN_QUOTED_INCLUDE_IN_FRAMEWORK_HEADER = YES;
				CLANG_WARN_RANGE_LOOP_ANALYSIS = YES;
				CLANG_WARN_STRICT_PROTOTYPES = YES;
				CLANG_WARN_SUSPICIOUS_MOVE = YES;
				CLANG_WARN_UNGUARDED_AVAILABILITY = YES_AGGRESSIVE;
				CLANG_WARN_UNREACHABLE_CODE = YES;
				CLANG_WARN__DUPLICATE_METHOD_MATCH = YES;
				COPY_PHASE_STRIP = NO;
				DEBUG_INFORMATION_FORMAT = dwarf;
				ENABLE_STRICT_OBJC_MSGSEND = YES;
				ENABLE_TESTABILITY = YES;
				GCC_C_LANGUAGE_STANDARD = gnu11;
				GCC_DYNAMIC_NO_PIC = NO;
				GCC_NO_COMMON_BLOCKS = YES;
				GCC_OPTIMIZATION_LEVEL = 0;
				GCC_PREPROCESSOR_DEFINITIONS = (
					"DEBUG=1",
					"$(inherited)",
				);
				GCC_WARN_64_TO_32_BIT_CONVERSION = YES;
				GCC_WARN_ABOUT_RETURN_TYPE = YES_ERROR;
				GCC_WARN_UNDECLARED_SELECTOR = YES;
				GCC_WARN_UNINITIALIZED_AUTOS = YES_AGGRESSIVE;
				GCC_WARN_UNUSED_FUNCTION = YES;
				GCC_WARN_UNUSED_VARIABLE = YES;
				IPHONEOS_DEPLOYMENT_TARGET = 16.2;
				MTL_ENABLE_DEBUG_INFO = INCLUDE_SOURCE;
				MTL_FAST_MATH = YES;
				ONLY_ACTIVE_ARCH = YES;
				SDKROOT = iphoneos;
				SWIFT_ACTIVE_COMPILATION_CONDITIONS = DEBUG;
				SWIFT_OPTIMIZATION_LEVEL = "-Onone";
			};
			name = Debug;
		};
		335A6B6329E80A3600ED5ADB /* Release */ = {
			isa = XCBuildConfiguration;
			buildSettings = {
				ALWAYS_SEARCH_USER_PATHS = NO;
				CLANG_ANALYZER_NONNULL = YES;
				CLANG_ANALYZER_NUMBER_OBJECT_CONVERSION = YES_AGGRESSIVE;
				CLANG_CXX_LANGUAGE_STANDARD = "gnu++20";
				CLANG_ENABLE_MODULES = YES;
				CLANG_ENABLE_OBJC_ARC = YES;
				CLANG_ENABLE_OBJC_WEAK = YES;
				CLANG_WARN_BLOCK_CAPTURE_AUTORELEASING = YES;
				CLANG_WARN_BOOL_CONVERSION = YES;
				CLANG_WARN_COMMA = YES;
				CLANG_WARN_CONSTANT_CONVERSION = YES;
				CLANG_WARN_DEPRECATED_OBJC_IMPLEMENTATIONS = YES;
				CLANG_WARN_DIRECT_OBJC_ISA_USAGE = YES_ERROR;
				CLANG_WARN_DOCUMENTATION_COMMENTS = YES;
				CLANG_WARN_EMPTY_BODY = YES;
				CLANG_WARN_ENUM_CONVERSION = YES;
				CLANG_WARN_INFINITE_RECURSION = YES;
				CLANG_WARN_INT_CONVERSION = YES;
				CLANG_WARN_NON_LITERAL_NULL_CONVERSION = YES;
				CLANG_WARN_OBJC_IMPLICIT_RETAIN_SELF = YES;
				CLANG_WARN_OBJC_LITERAL_CONVERSION = YES;
				CLANG_WARN_OBJC_ROOT_CLASS = YES_ERROR;
				CLANG_WARN_QUOTED_INCLUDE_IN_FRAMEWORK_HEADER = YES;
				CLANG_WARN_RANGE_LOOP_ANALYSIS = YES;
				CLANG_WARN_STRICT_PROTOTYPES = YES;
				CLANG_WARN_SUSPICIOUS_MOVE = YES;
				CLANG_WARN_UNGUARDED_AVAILABILITY = YES_AGGRESSIVE;
				CLANG_WARN_UNREACHABLE_CODE = YES;
				CLANG_WARN__DUPLICATE_METHOD_MATCH = YES;
				COPY_PHASE_STRIP = NO;
				DEBUG_INFORMATION_FORMAT = "dwarf-with-dsym";
				ENABLE_NS_ASSERTIONS = NO;
				ENABLE_STRICT_OBJC_MSGSEND = YES;
				GCC_C_LANGUAGE_STANDARD = gnu11;
				GCC_NO_COMMON_BLOCKS = YES;
				GCC_WARN_64_TO_32_BIT_CONVERSION = YES;
				GCC_WARN_ABOUT_RETURN_TYPE = YES_ERROR;
				GCC_WARN_UNDECLARED_SELECTOR = YES;
				GCC_WARN_UNINITIALIZED_AUTOS = YES_AGGRESSIVE;
				GCC_WARN_UNUSED_FUNCTION = YES;
				GCC_WARN_UNUSED_VARIABLE = YES;
				IPHONEOS_DEPLOYMENT_TARGET = 16.2;
				MTL_ENABLE_DEBUG_INFO = NO;
				MTL_FAST_MATH = YES;
				SDKROOT = iphoneos;
				SWIFT_COMPILATION_MODE = wholemodule;
				SWIFT_OPTIMIZATION_LEVEL = "-O";
				VALIDATE_PRODUCT = YES;
			};
			name = Release;
		};
		335A6B6529E80A3600ED5ADB /* Debug */ = {
			isa = XCBuildConfiguration;
			buildSettings = {
				ASSETCATALOG_COMPILER_APPICON_NAME = AppIcon;
				ASSETCATALOG_COMPILER_GLOBAL_ACCENT_COLOR_NAME = AccentColor;
				CODE_SIGN_ENTITLEMENTS = "attestation client/attestation client.entitlements";
				CODE_SIGN_IDENTITY = "Apple Development";
				CODE_SIGN_STYLE = Automatic;
				CURRENT_PROJECT_VERSION = 1;
				DEVELOPMENT_ASSET_PATHS = "\"attestation client/Preview Content\"";
				DEVELOPMENT_TEAM = 9CYHJNG644;
				ENABLE_PREVIEWS = YES;
				GENERATE_INFOPLIST_FILE = YES;
				INFOPLIST_KEY_UIApplicationSceneManifest_Generation = YES;
				INFOPLIST_KEY_UIApplicationSupportsIndirectInputEvents = YES;
				INFOPLIST_KEY_UILaunchScreen_Generation = YES;
				INFOPLIST_KEY_UISupportedInterfaceOrientations_iPad = "UIInterfaceOrientationPortrait UIInterfaceOrientationPortraitUpsideDown UIInterfaceOrientationLandscapeLeft UIInterfaceOrientationLandscapeRight";
				INFOPLIST_KEY_UISupportedInterfaceOrientations_iPhone = "UIInterfaceOrientationPortrait UIInterfaceOrientationLandscapeLeft UIInterfaceOrientationLandscapeRight";
				LD_RUNPATH_SEARCH_PATHS = (
					"$(inherited)",
					"@executable_path/Frameworks",
				);
				MARKETING_VERSION = 1.0;
				PRODUCT_BUNDLE_IDENTIFIER = "at.asitplus.attestation-client";
				PRODUCT_NAME = "$(TARGET_NAME)";
				PROVISIONING_PROFILE_SPECIFIER = "";
				SWIFT_EMIT_LOC_STRINGS = YES;
				SWIFT_VERSION = 5.0;
				TARGETED_DEVICE_FAMILY = "1,2";
			};
			name = Debug;
		};
		335A6B6629E80A3600ED5ADB /* Release */ = {
			isa = XCBuildConfiguration;
			buildSettings = {
				ASSETCATALOG_COMPILER_APPICON_NAME = AppIcon;
				ASSETCATALOG_COMPILER_GLOBAL_ACCENT_COLOR_NAME = AccentColor;
				CODE_SIGN_ENTITLEMENTS = "attestation client/attestation client.entitlements";
				CODE_SIGN_IDENTITY = "Apple Development";
				CODE_SIGN_STYLE = Automatic;
				CURRENT_PROJECT_VERSION = 1;
				DEVELOPMENT_ASSET_PATHS = "\"attestation client/Preview Content\"";
				DEVELOPMENT_TEAM = 9CYHJNG644;
				ENABLE_PREVIEWS = YES;
				GENERATE_INFOPLIST_FILE = YES;
				INFOPLIST_KEY_UIApplicationSceneManifest_Generation = YES;
				INFOPLIST_KEY_UIApplicationSupportsIndirectInputEvents = YES;
				INFOPLIST_KEY_UILaunchScreen_Generation = YES;
				INFOPLIST_KEY_UISupportedInterfaceOrientations_iPad = "UIInterfaceOrientationPortrait UIInterfaceOrientationPortraitUpsideDown UIInterfaceOrientationLandscapeLeft UIInterfaceOrientationLandscapeRight";
				INFOPLIST_KEY_UISupportedInterfaceOrientations_iPhone = "UIInterfaceOrientationPortrait UIInterfaceOrientationLandscapeLeft UIInterfaceOrientationLandscapeRight";
				LD_RUNPATH_SEARCH_PATHS = (
					"$(inherited)",
					"@executable_path/Frameworks",
				);
				MARKETING_VERSION = 1.0;
				PRODUCT_BUNDLE_IDENTIFIER = "at.asitplus.attestation-client";
				PRODUCT_NAME = "$(TARGET_NAME)";
				PROVISIONING_PROFILE_SPECIFIER = "";
				SWIFT_EMIT_LOC_STRINGS = YES;
				SWIFT_VERSION = 5.0;
				TARGETED_DEVICE_FAMILY = "1,2";
			};
			name = Release;
		};
/* End XCBuildConfiguration section */

/* Begin XCConfigurationList section */
		335A6B5129E80A3400ED5ADB /* Build configuration list for PBXProject "attestation client" */ = {
			isa = XCConfigurationList;
			buildConfigurations = (
				335A6B6229E80A3600ED5ADB /* Debug */,
				335A6B6329E80A3600ED5ADB /* Release */,
			);
			defaultConfigurationIsVisible = 0;
			defaultConfigurationName = Release;
		};
		335A6B6429E80A3600ED5ADB /* Build configuration list for PBXNativeTarget "attestation client" */ = {
			isa = XCConfigurationList;
			buildConfigurations = (
				335A6B6529E80A3600ED5ADB /* Debug */,
				335A6B6629E80A3600ED5ADB /* Release */,
			);
			defaultConfigurationIsVisible = 0;
			defaultConfigurationName = Release;
		};
/* End XCConfigurationList section */
	};
	rootObject = 335A6B4E29E80A3400ED5ADB /* Project object */;
}
